
Microsoft Visual Studio Solution File, Format Version 12.00
# Visual Studio 15
VisualStudioVersion = 15.0.28307.757
MinimumVisualStudioVersion = 10.0.40219.1
Project("{FAE04EC0-301F-11D3-BF4B-00C04F79EFBC}") = "WebApiTestProject1", "WebApiTestProject1\WebApiTestProject1.csproj", "{5937E996-D0CA-41AA-B9A0-AFDFFA72713C}"
EndProject
Project("{FAE04EC0-301F-11D3-BF4B-00C04F79EFBC}") = "SendTestJWT", "SendTestJWT\SendTestJWT.csproj", "{8FECE360-E377-4492-8941-959AF8C46488}"
EndProject
Global
	GlobalSection(SolutionConfigurationPlatforms) = preSolution
		Debug|Any CPU = Debug|Any CPU
		Release|Any CPU = Release|Any CPU
	EndGlobalSection
	GlobalSection(ProjectConfigurationPlatforms) = postSolution
		{5937E996-D0CA-41AA-B9A0-AFDFFA72713C}.Debug|Any CPU.ActiveCfg = Debug|Any CPU
		{5937E996-D0CA-41AA-B9A0-AFDFFA72713C}.Debug|Any CPU.Build.0 = Debug|Any CPU
		{5937E996-D0CA-41AA-B9A0-AFDFFA72713C}.Release|Any CPU.ActiveCfg = Release|Any CPU
		{5937E996-D0CA-41AA-B9A0-AFDFFA72713C}.Release|Any CPU.Build.0 = Release|Any CPU
		{8FECE360-E377-4492-8941-959AF8C46488}.Debug|Any CPU.ActiveCfg = Debug|Any CPU
		{8FECE360-E377-4492-8941-959AF8C46488}.Debug|Any CPU.Build.0 = Debug|Any CPU
		{8FECE360-E377-4492-8941-959AF8C46488}.Release|Any CPU.ActiveCfg = Release|Any CPU
		{8FECE360-E377-4492-8941-959AF8C46488}.Release|Any CPU.Build.0 = Release|Any CPU
	EndGlobalSection
	GlobalSection(SolutionProperties) = preSolution
		HideSolutionNode = FALSE
	EndGlobalSection
	GlobalSection(ExtensibilityGlobals) = postSolution
		SolutionGuid = {47E2D980-9C53-41B8-A08A-A0378C98DDEC}
	EndGlobalSection
EndGlobal
